
Microsoft Visual Studio Solution File, Format Version 12.00
# Visual Studio Version 17
VisualStudioVersion = 17.5.33530.505
MinimumVisualStudioVersion = 10.0.40219.1
Project("{FAE04EC0-301F-11D3-BF4B-00C04F79EFBC}") = "CloudGlare", "CloudGlare\CloudGlare.csproj", "{8ED4022F-2C70-469A-BB54-6029ED17E382}"
EndProject
Project("{FAE04EC0-301F-11D3-BF4B-00C04F79EFBC}") = "cg_test", "cg_test\cg_test.csproj", "{DDDEE737-1ACC-46D2-BB7D-5332DBDCF6B5}"
EndProject
Project("{FAE04EC0-301F-11D3-BF4B-00C04F79EFBC}") = "CloudGlare.Win", "CloudGlare.Win\CloudGlare.Win.csproj", "{370C2B7C-BD46-41F4-A7AE-80152163CB20}"
EndProject
Global
	GlobalSection(SolutionConfigurationPlatforms) = preSolution
		Debug|Any CPU = Debug|Any CPU
		Release|Any CPU = Release|Any CPU
	EndGlobalSection
	GlobalSection(ProjectConfigurationPlatforms) = postSolution
		{8ED4022F-2C70-469A-BB54-6029ED17E382}.Debug|Any CPU.ActiveCfg = Debug|Any CPU
		{8ED4022F-2C70-469A-BB54-6029ED17E382}.Debug|Any CPU.Build.0 = Debug|Any CPU
		{8ED4022F-2C70-469A-BB54-6029ED17E382}.Release|Any CPU.ActiveCfg = Release|Any CPU
		{8ED4022F-2C70-469A-BB54-6029ED17E382}.Release|Any CPU.Build.0 = Release|Any CPU
		{DDDEE737-1ACC-46D2-BB7D-5332DBDCF6B5}.Debug|Any CPU.ActiveCfg = Debug|Any CPU
		{DDDEE737-1ACC-46D2-BB7D-5332DBDCF6B5}.Debug|Any CPU.Build.0 = Debug|Any CPU
		{DDDEE737-1ACC-46D2-BB7D-5332DBDCF6B5}.Release|Any CPU.ActiveCfg = Release|Any CPU
		{DDDEE737-1ACC-46D2-BB7D-5332DBDCF6B5}.Release|Any CPU.Build.0 = Release|Any CPU
		{370C2B7C-BD46-41F4-A7AE-80152163CB20}.Debug|Any CPU.ActiveCfg = Debug|Any CPU
		{370C2B7C-BD46-41F4-A7AE-80152163CB20}.Debug|Any CPU.Build.0 = Debug|Any CPU
		{370C2B7C-BD46-41F4-A7AE-80152163CB20}.Release|Any CPU.ActiveCfg = Release|Any CPU
		{370C2B7C-BD46-41F4-A7AE-80152163CB20}.Release|Any CPU.Build.0 = Release|Any CPU
	EndGlobalSection
	GlobalSection(SolutionProperties) = preSolution
		HideSolutionNode = FALSE
	EndGlobalSection
EndGlobal
